
Microsoft Visual Studio Solution File, Format Version 12.00
# Visual Studio 15
VisualStudioVersion = 15.0.27428.2027
MinimumVisualStudioVersion = 10.0.40219.1
Project("{FAE04EC0-301F-11D3-BF4B-00C04F79EFBC}") = "LibraryofBooks.WEB", "LibraryofBooks\LibraryofBooks.WEB.csproj", "{C9D63A8A-C764-4195-AE11-95EB99BC5F1C}"
EndProject
Project("{FAE04EC0-301F-11D3-BF4B-00C04F79EFBC}") = "LibraryofBooks.BLL", "LibraryofBooks.BLL\LibraryofBooks.BLL.csproj", "{952EFFE3-A405-400D-85BA-EDBFE1C22A96}"
EndProject
Project("{FAE04EC0-301F-11D3-BF4B-00C04F79EFBC}") = "LibraryofBooks.DAL", "LibraryofBookis.DAL\LibraryofBooks.DAL.csproj", "{F2163355-EFBF-44CE-84F6-CDBCBCA8CFFC}"
EndProject
Project("{FAE04EC0-301F-11D3-BF4B-00C04F79EFBC}") = "LibraryofBooks.Entities", "LibraryofBooks.Entities\LibraryofBooks.Entities.csproj", "{72C75A46-D975-4DC9-B59C-BA0236822714}"
EndProject
Project("{FAE04EC0-301F-11D3-BF4B-00C04F79EFBC}") = "LibraryofBooks.ViewModels", "LibraryofBooks.ViewModels\LibraryofBooks.ViewModels.csproj", "{AE281ED5-B4D9-4D5D-BF4E-595EAA942E08}"
EndProject
Global
	GlobalSection(SolutionConfigurationPlatforms) = preSolution
		Debug|Any CPU = Debug|Any CPU
		Release|Any CPU = Release|Any CPU
	EndGlobalSection
	GlobalSection(ProjectConfigurationPlatforms) = postSolution
		{C9D63A8A-C764-4195-AE11-95EB99BC5F1C}.Debug|Any CPU.ActiveCfg = Debug|Any CPU
		{C9D63A8A-C764-4195-AE11-95EB99BC5F1C}.Debug|Any CPU.Build.0 = Debug|Any CPU
		{C9D63A8A-C764-4195-AE11-95EB99BC5F1C}.Release|Any CPU.ActiveCfg = Release|Any CPU
		{C9D63A8A-C764-4195-AE11-95EB99BC5F1C}.Release|Any CPU.Build.0 = Release|Any CPU
		{952EFFE3-A405-400D-85BA-EDBFE1C22A96}.Debug|Any CPU.ActiveCfg = Debug|Any CPU
		{952EFFE3-A405-400D-85BA-EDBFE1C22A96}.Debug|Any CPU.Build.0 = Debug|Any CPU
		{952EFFE3-A405-400D-85BA-EDBFE1C22A96}.Release|Any CPU.ActiveCfg = Release|Any CPU
		{952EFFE3-A405-400D-85BA-EDBFE1C22A96}.Release|Any CPU.Build.0 = Release|Any CPU
		{F2163355-EFBF-44CE-84F6-CDBCBCA8CFFC}.Debug|Any CPU.ActiveCfg = Debug|Any CPU
		{F2163355-EFBF-44CE-84F6-CDBCBCA8CFFC}.Debug|Any CPU.Build.0 = Debug|Any CPU
		{F2163355-EFBF-44CE-84F6-CDBCBCA8CFFC}.Release|Any CPU.ActiveCfg = Release|Any CPU
		{F2163355-EFBF-44CE-84F6-CDBCBCA8CFFC}.Release|Any CPU.Build.0 = Release|Any CPU
		{72C75A46-D975-4DC9-B59C-BA0236822714}.Debug|Any CPU.ActiveCfg = Debug|Any CPU
		{72C75A46-D975-4DC9-B59C-BA0236822714}.Debug|Any CPU.Build.0 = Debug|Any CPU
		{72C75A46-D975-4DC9-B59C-BA0236822714}.Release|Any CPU.ActiveCfg = Release|Any CPU
		{72C75A46-D975-4DC9-B59C-BA0236822714}.Release|Any CPU.Build.0 = Release|Any CPU
		{AE281ED5-B4D9-4D5D-BF4E-595EAA942E08}.Debug|Any CPU.ActiveCfg = Debug|Any CPU
		{AE281ED5-B4D9-4D5D-BF4E-595EAA942E08}.Debug|Any CPU.Build.0 = Debug|Any CPU
		{AE281ED5-B4D9-4D5D-BF4E-595EAA942E08}.Release|Any CPU.ActiveCfg = Release|Any CPU
		{AE281ED5-B4D9-4D5D-BF4E-595EAA942E08}.Release|Any CPU.Build.0 = Release|Any CPU
	EndGlobalSection
	GlobalSection(SolutionProperties) = preSolution
		HideSolutionNode = FALSE
	EndGlobalSection
	GlobalSection(ExtensibilityGlobals) = postSolution
		SolutionGuid = {25CAEDA2-7A48-4E36-9F24-D0018E4B3894}
	EndGlobalSection
EndGlobal
